
Microsoft Visual Studio Solution File, Format Version 12.00
# Visual Studio 2013
VisualStudioVersion = 12.0.21005.1
MinimumVisualStudioVersion = 10.0.40219.1
Project("{2150E333-8FDC-42A3-9474-1A3956D46DE8}") = "1.Presentacion", "1.Presentacion", "{1EBC97DC-086C-4AFD-864E-9F6591C4B8E3}"
EndProject
Project("{2150E333-8FDC-42A3-9474-1A3956D46DE8}") = "2.Servicios", "2.Servicios", "{CD2ABCCB-A9CB-4FF5-87A5-EBA32CEDB044}"
EndProject
Project("{2150E333-8FDC-42A3-9474-1A3956D46DE8}") = "3.LogicaNegocio", "3.LogicaNegocio", "{37EB3DFE-4EB2-4BD7-8C00-D83D89284913}"
EndProject
Project("{2150E333-8FDC-42A3-9474-1A3956D46DE8}") = "4.Entidades", "4.Entidades", "{BED253C0-0544-4637-AC28-B089580E81EC}"
EndProject
Project("{2150E333-8FDC-42A3-9474-1A3956D46DE8}") = "5.AccesoDatos", "5.AccesoDatos", "{B9B1E1F3-4E49-49C8-B1A6-A1D31BD64C6F}"
EndProject
Project("{FAE04EC0-301F-11D3-BF4B-00C04F79EFBC}") = "1.1Escritorio", "1.1Escritorio\1.1Escritorio.csproj", "{BE909AED-99C8-481F-8C5F-8D41E188E896}"
EndProject
Project("{FAE04EC0-301F-11D3-BF4B-00C04F79EFBC}") = "1.2Web", "1.2Web\1.2Web.csproj", "{97D1EF45-4C54-4D45-87B5-DFA544679A8C}"
EndProject
Project("{FAE04EC0-301F-11D3-BF4B-00C04F79EFBC}") = "2.1Servicio", "2.1Servicio\2.1Servicio.csproj", "{1EC35C57-CCD4-4212-971C-D9CE568B2104}"
EndProject
Project("{FAE04EC0-301F-11D3-BF4B-00C04F79EFBC}") = "3.1Seguridad", "3.1Seguridad\3.1Seguridad.csproj", "{503EE266-F699-4A1C-A0F8-5B0A5284D350}"
EndProject
Project("{FAE04EC0-301F-11D3-BF4B-00C04F79EFBC}") = "3.2Logistica", "3.2Logistica\3.2Logistica.csproj", "{917AE9A1-8A54-4E0C-AAD1-3689DF1BA245}"
EndProject
Project("{FAE04EC0-301F-11D3-BF4B-00C04F79EFBC}") = "4.1Seguridad", "4.1Seguridad\4.1Seguridad.csproj", "{563AAB2E-E910-4CDE-8276-9B39A0CF36DB}"
EndProject
Project("{FAE04EC0-301F-11D3-BF4B-00C04F79EFBC}") = "4.2Logistica", "4.2Logistica\4.2Logistica.csproj", "{FF319F63-C583-418E-BD84-62570CF2556B}"
EndProject
Project("{FAE04EC0-301F-11D3-BF4B-00C04F79EFBC}") = "5.0Comunes", "5.0Comunes\5.0Comunes.csproj", "{93370E11-55B8-4EB5-BEC1-7EB1148579EE}"
EndProject
Project("{FAE04EC0-301F-11D3-BF4B-00C04F79EFBC}") = "5.1Seguridad", "5.1Seguridad\5.1Seguridad.csproj", "{95F46EB7-9F70-4710-8314-18B5FE0776A5}"
EndProject
Project("{FAE04EC0-301F-11D3-BF4B-00C04F79EFBC}") = "5.2Logistica", "5.2Logistica\5.2Logistica.csproj", "{BE94BCE3-AA40-4895-B84B-1BA51C332489}"
EndProject
Project("{FAE04EC0-301F-11D3-BF4B-00C04F79EFBC}") = "4.0Comunes", "4.0Comunes\4.0Comunes.csproj", "{BBC446AC-7D9C-4D67-A652-C3B8FC37CC40}"
EndProject
Project("{FAE04EC0-301F-11D3-BF4B-00C04F79EFBC}") = "4.3Ventas", "4.3Ventas\4.3Ventas.csproj", "{3F93D2AD-31FA-4C71-AC68-02DB6445F7F0}"
EndProject
Project("{FAE04EC0-301F-11D3-BF4B-00C04F79EFBC}") = "5.3Ventas", "5.3Ventas\5.3Ventas.csproj", "{37FDE14D-B864-449D-A465-C28F39F66130}"
EndProject
Project("{FAE04EC0-301F-11D3-BF4B-00C04F79EFBC}") = "3.3Ventas", "3.3Ventas\3.3Ventas.csproj", "{FB0AD716-BF69-4097-AA02-023A475AF208}"
EndProject
Project("{FAE04EC0-301F-11D3-BF4B-00C04F79EFBC}") = "3.0Comunes", "3.0Comunes\3.0Comunes.csproj", "{3065FE2D-0362-4D40-A84E-6FB98B73C882}"
EndProject
Global
	GlobalSection(SolutionConfigurationPlatforms) = preSolution
		Debug|Any CPU = Debug|Any CPU
		Release|Any CPU = Release|Any CPU
	EndGlobalSection
	GlobalSection(ProjectConfigurationPlatforms) = postSolution
		{BE909AED-99C8-481F-8C5F-8D41E188E896}.Debug|Any CPU.ActiveCfg = Debug|Any CPU
		{BE909AED-99C8-481F-8C5F-8D41E188E896}.Debug|Any CPU.Build.0 = Debug|Any CPU
		{BE909AED-99C8-481F-8C5F-8D41E188E896}.Release|Any CPU.ActiveCfg = Release|Any CPU
		{BE909AED-99C8-481F-8C5F-8D41E188E896}.Release|Any CPU.Build.0 = Release|Any CPU
		{97D1EF45-4C54-4D45-87B5-DFA544679A8C}.Debug|Any CPU.ActiveCfg = Debug|Any CPU
		{97D1EF45-4C54-4D45-87B5-DFA544679A8C}.Debug|Any CPU.Build.0 = Debug|Any CPU
		{97D1EF45-4C54-4D45-87B5-DFA544679A8C}.Release|Any CPU.ActiveCfg = Release|Any CPU
		{97D1EF45-4C54-4D45-87B5-DFA544679A8C}.Release|Any CPU.Build.0 = Release|Any CPU
		{1EC35C57-CCD4-4212-971C-D9CE568B2104}.Debug|Any CPU.ActiveCfg = Debug|Any CPU
		{1EC35C57-CCD4-4212-971C-D9CE568B2104}.Debug|Any CPU.Build.0 = Debug|Any CPU
		{1EC35C57-CCD4-4212-971C-D9CE568B2104}.Release|Any CPU.ActiveCfg = Release|Any CPU
		{1EC35C57-CCD4-4212-971C-D9CE568B2104}.Release|Any CPU.Build.0 = Release|Any CPU
		{503EE266-F699-4A1C-A0F8-5B0A5284D350}.Debug|Any CPU.ActiveCfg = Debug|Any CPU
		{503EE266-F699-4A1C-A0F8-5B0A5284D350}.Debug|Any CPU.Build.0 = Debug|Any CPU
		{503EE266-F699-4A1C-A0F8-5B0A5284D350}.Release|Any CPU.ActiveCfg = Release|Any CPU
		{503EE266-F699-4A1C-A0F8-5B0A5284D350}.Release|Any CPU.Build.0 = Release|Any CPU
		{917AE9A1-8A54-4E0C-AAD1-3689DF1BA245}.Debug|Any CPU.ActiveCfg = Debug|Any CPU
		{917AE9A1-8A54-4E0C-AAD1-3689DF1BA245}.Debug|Any CPU.Build.0 = Debug|Any CPU
		{917AE9A1-8A54-4E0C-AAD1-3689DF1BA245}.Release|Any CPU.ActiveCfg = Release|Any CPU
		{917AE9A1-8A54-4E0C-AAD1-3689DF1BA245}.Release|Any CPU.Build.0 = Release|Any CPU
		{563AAB2E-E910-4CDE-8276-9B39A0CF36DB}.Debug|Any CPU.ActiveCfg = Debug|Any CPU
		{563AAB2E-E910-4CDE-8276-9B39A0CF36DB}.Debug|Any CPU.Build.0 = Debug|Any CPU
		{563AAB2E-E910-4CDE-8276-9B39A0CF36DB}.Release|Any CPU.ActiveCfg = Release|Any CPU
		{563AAB2E-E910-4CDE-8276-9B39A0CF36DB}.Release|Any CPU.Build.0 = Release|Any CPU
		{FF319F63-C583-418E-BD84-62570CF2556B}.Debug|Any CPU.ActiveCfg = Debug|Any CPU
		{FF319F63-C583-418E-BD84-62570CF2556B}.Debug|Any CPU.Build.0 = Debug|Any CPU
		{FF319F63-C583-418E-BD84-62570CF2556B}.Release|Any CPU.ActiveCfg = Release|Any CPU
		{FF319F63-C583-418E-BD84-62570CF2556B}.Release|Any CPU.Build.0 = Release|Any CPU
		{93370E11-55B8-4EB5-BEC1-7EB1148579EE}.Debug|Any CPU.ActiveCfg = Debug|Any CPU
		{93370E11-55B8-4EB5-BEC1-7EB1148579EE}.Debug|Any CPU.Build.0 = Debug|Any CPU
		{93370E11-55B8-4EB5-BEC1-7EB1148579EE}.Release|Any CPU.ActiveCfg = Release|Any CPU
		{93370E11-55B8-4EB5-BEC1-7EB1148579EE}.Release|Any CPU.Build.0 = Release|Any CPU
		{95F46EB7-9F70-4710-8314-18B5FE0776A5}.Debug|Any CPU.ActiveCfg = Debug|Any CPU
		{95F46EB7-9F70-4710-8314-18B5FE0776A5}.Debug|Any CPU.Build.0 = Debug|Any CPU
		{95F46EB7-9F70-4710-8314-18B5FE0776A5}.Release|Any CPU.ActiveCfg = Release|Any CPU
		{95F46EB7-9F70-4710-8314-18B5FE0776A5}.Release|Any CPU.Build.0 = Release|Any CPU
		{BE94BCE3-AA40-4895-B84B-1BA51C332489}.Debug|Any CPU.ActiveCfg = Debug|Any CPU
		{BE94BCE3-AA40-4895-B84B-1BA51C332489}.Debug|Any CPU.Build.0 = Debug|Any CPU
		{BE94BCE3-AA40-4895-B84B-1BA51C332489}.Release|Any CPU.ActiveCfg = Release|Any CPU
		{BE94BCE3-AA40-4895-B84B-1BA51C332489}.Release|Any CPU.Build.0 = Release|Any CPU
		{BBC446AC-7D9C-4D67-A652-C3B8FC37CC40}.Debug|Any CPU.ActiveCfg = Debug|Any CPU
		{BBC446AC-7D9C-4D67-A652-C3B8FC37CC40}.Debug|Any CPU.Build.0 = Debug|Any CPU
		{BBC446AC-7D9C-4D67-A652-C3B8FC37CC40}.Release|Any CPU.ActiveCfg = Release|Any CPU
		{BBC446AC-7D9C-4D67-A652-C3B8FC37CC40}.Release|Any CPU.Build.0 = Release|Any CPU
		{3F93D2AD-31FA-4C71-AC68-02DB6445F7F0}.Debug|Any CPU.ActiveCfg = Debug|Any CPU
		{3F93D2AD-31FA-4C71-AC68-02DB6445F7F0}.Debug|Any CPU.Build.0 = Debug|Any CPU
		{3F93D2AD-31FA-4C71-AC68-02DB6445F7F0}.Release|Any CPU.ActiveCfg = Release|Any CPU
		{3F93D2AD-31FA-4C71-AC68-02DB6445F7F0}.Release|Any CPU.Build.0 = Release|Any CPU
		{37FDE14D-B864-449D-A465-C28F39F66130}.Debug|Any CPU.ActiveCfg = Debug|Any CPU
		{37FDE14D-B864-449D-A465-C28F39F66130}.Debug|Any CPU.Build.0 = Debug|Any CPU
		{37FDE14D-B864-449D-A465-C28F39F66130}.Release|Any CPU.ActiveCfg = Release|Any CPU
		{37FDE14D-B864-449D-A465-C28F39F66130}.Release|Any CPU.Build.0 = Release|Any CPU
		{FB0AD716-BF69-4097-AA02-023A475AF208}.Debug|Any CPU.ActiveCfg = Debug|Any CPU
		{FB0AD716-BF69-4097-AA02-023A475AF208}.Debug|Any CPU.Build.0 = Debug|Any CPU
		{FB0AD716-BF69-4097-AA02-023A475AF208}.Release|Any CPU.ActiveCfg = Release|Any CPU
		{FB0AD716-BF69-4097-AA02-023A475AF208}.Release|Any CPU.Build.0 = Release|Any CPU
		{3065FE2D-0362-4D40-A84E-6FB98B73C882}.Debug|Any CPU.ActiveCfg = Debug|Any CPU
		{3065FE2D-0362-4D40-A84E-6FB98B73C882}.Debug|Any CPU.Build.0 = Debug|Any CPU
		{3065FE2D-0362-4D40-A84E-6FB98B73C882}.Release|Any CPU.ActiveCfg = Release|Any CPU
		{3065FE2D-0362-4D40-A84E-6FB98B73C882}.Release|Any CPU.Build.0 = Release|Any CPU
	EndGlobalSection
	GlobalSection(SolutionProperties) = preSolution
		HideSolutionNode = FALSE
	EndGlobalSection
	GlobalSection(NestedProjects) = preSolution
		{BE909AED-99C8-481F-8C5F-8D41E188E896} = {1EBC97DC-086C-4AFD-864E-9F6591C4B8E3}
		{97D1EF45-4C54-4D45-87B5-DFA544679A8C} = {1EBC97DC-086C-4AFD-864E-9F6591C4B8E3}
		{1EC35C57-CCD4-4212-971C-D9CE568B2104} = {CD2ABCCB-A9CB-4FF5-87A5-EBA32CEDB044}
		{503EE266-F699-4A1C-A0F8-5B0A5284D350} = {37EB3DFE-4EB2-4BD7-8C00-D83D89284913}
		{917AE9A1-8A54-4E0C-AAD1-3689DF1BA245} = {37EB3DFE-4EB2-4BD7-8C00-D83D89284913}
		{FB0AD716-BF69-4097-AA02-023A475AF208} = {37EB3DFE-4EB2-4BD7-8C00-D83D89284913}
		{3065FE2D-0362-4D40-A84E-6FB98B73C882} = {37EB3DFE-4EB2-4BD7-8C00-D83D89284913}
		{563AAB2E-E910-4CDE-8276-9B39A0CF36DB} = {BED253C0-0544-4637-AC28-B089580E81EC}
		{FF319F63-C583-418E-BD84-62570CF2556B} = {BED253C0-0544-4637-AC28-B089580E81EC}
		{BBC446AC-7D9C-4D67-A652-C3B8FC37CC40} = {BED253C0-0544-4637-AC28-B089580E81EC}
		{3F93D2AD-31FA-4C71-AC68-02DB6445F7F0} = {BED253C0-0544-4637-AC28-B089580E81EC}
		{93370E11-55B8-4EB5-BEC1-7EB1148579EE} = {B9B1E1F3-4E49-49C8-B1A6-A1D31BD64C6F}
		{95F46EB7-9F70-4710-8314-18B5FE0776A5} = {B9B1E1F3-4E49-49C8-B1A6-A1D31BD64C6F}
		{BE94BCE3-AA40-4895-B84B-1BA51C332489} = {B9B1E1F3-4E49-49C8-B1A6-A1D31BD64C6F}
		{37FDE14D-B864-449D-A465-C28F39F66130} = {B9B1E1F3-4E49-49C8-B1A6-A1D31BD64C6F}
	EndGlobalSection
EndGlobal
